
Microsoft Visual Studio Solution File, Format Version 12.00
# Visual Studio 15
VisualStudioVersion = 15.0.28307.902
MinimumVisualStudioVersion = 10.0.40219.1
Project("{FAE04EC0-301F-11D3-BF4B-00C04F79EFBC}") = "Telnet", "Telnet\Telnet.csproj", "{B3B61889-8F9F-4D01-837F-A2ADCF216D0E}"
EndProject
Project("{FAE04EC0-301F-11D3-BF4B-00C04F79EFBC}") = "ConsecutiveNumber", "ConsecutiveNumber\ConsecutiveNumber.csproj", "{656041B5-4A48-4B79-BAD5-E22614BBABE4}"
EndProject
Project("{FAE04EC0-301F-11D3-BF4B-00C04F79EFBC}") = "TrailingZero", "TrailingZero\TrailingZero.csproj", "{614F7E74-CD51-47AA-B992-4A3510B9C409}"
EndProject
Global
	GlobalSection(SolutionConfigurationPlatforms) = preSolution
		Debug|Any CPU = Debug|Any CPU
		Release|Any CPU = Release|Any CPU
	EndGlobalSection
	GlobalSection(ProjectConfigurationPlatforms) = postSolution
		{B3B61889-8F9F-4D01-837F-A2ADCF216D0E}.Debug|Any CPU.ActiveCfg = Debug|Any CPU
		{B3B61889-8F9F-4D01-837F-A2ADCF216D0E}.Debug|Any CPU.Build.0 = Debug|Any CPU
		{B3B61889-8F9F-4D01-837F-A2ADCF216D0E}.Release|Any CPU.ActiveCfg = Release|Any CPU
		{B3B61889-8F9F-4D01-837F-A2ADCF216D0E}.Release|Any CPU.Build.0 = Release|Any CPU
		{656041B5-4A48-4B79-BAD5-E22614BBABE4}.Debug|Any CPU.ActiveCfg = Debug|Any CPU
		{656041B5-4A48-4B79-BAD5-E22614BBABE4}.Debug|Any CPU.Build.0 = Debug|Any CPU
		{656041B5-4A48-4B79-BAD5-E22614BBABE4}.Release|Any CPU.ActiveCfg = Release|Any CPU
		{656041B5-4A48-4B79-BAD5-E22614BBABE4}.Release|Any CPU.Build.0 = Release|Any CPU
		{614F7E74-CD51-47AA-B992-4A3510B9C409}.Debug|Any CPU.ActiveCfg = Debug|Any CPU
		{614F7E74-CD51-47AA-B992-4A3510B9C409}.Debug|Any CPU.Build.0 = Debug|Any CPU
		{614F7E74-CD51-47AA-B992-4A3510B9C409}.Release|Any CPU.ActiveCfg = Release|Any CPU
		{614F7E74-CD51-47AA-B992-4A3510B9C409}.Release|Any CPU.Build.0 = Release|Any CPU
	EndGlobalSection
	GlobalSection(SolutionProperties) = preSolution
		HideSolutionNode = FALSE
	EndGlobalSection
	GlobalSection(ExtensibilityGlobals) = postSolution
		SolutionGuid = {5277021B-2063-4739-8675-ADB4FFD15427}
	EndGlobalSection
EndGlobal
